
Microsoft Visual Studio Solution File, Format Version 12.00
# Visual Studio Version 16
VisualStudioVersion = 16.0.30413.136
MinimumVisualStudioVersion = 10.0.40219.1
Project("{2150E333-8FDC-42A3-9474-1A3956D46DE8}") = "01UserInterface", "01UserInterface", "{F190C3FE-3363-43F7-A947-B96C6CA732CF}"
EndProject
Project("{2150E333-8FDC-42A3-9474-1A3956D46DE8}") = "02UiModelCommon", "02UiModelCommon", "{1759FDB7-0251-441A-9625-D1EFFEC0AE3A}"
EndProject
Project("{2150E333-8FDC-42A3-9474-1A3956D46DE8}") = "03DoMain", "03DoMain", "{AB753E20-E71A-42C4-A8A0-DE85059925A9}"
EndProject
Project("{2150E333-8FDC-42A3-9474-1A3956D46DE8}") = "04Framework", "04Framework", "{05BF02F5-252E-4A50-9234-931FFF62F83C}"
EndProject
Project("{9A19103F-16F7-4668-BE54-9A1E7A4F7556}") = "MicroserviceCodeTable", "01UserInterface\MicroserviceCodeTable\MicroserviceCodeTable.csproj", "{C878B66A-0341-41AA-8260-DC11A148BB1C}"
EndProject
Project("{9A19103F-16F7-4668-BE54-9A1E7A4F7556}") = "MicroserviceIServer", "03DoMain\MicroserviceIServer\MicroserviceIServer.csproj", "{D88B0676-1FE8-4D24-8CA9-8F42D91FF2DF}"
EndProject
Project("{9A19103F-16F7-4668-BE54-9A1E7A4F7556}") = "MicroserviceModel", "03DoMain\MicroserviceModel\MicroserviceModel.csproj", "{B4B4C6C9-2560-4986-BB8B-BB6589C56BDB}"
EndProject
Project("{2150E333-8FDC-42A3-9474-1A3956D46DE8}") = "08Test", "08Test", "{388288C2-4290-4A6D-AB9F-1B02278971EB}"
EndProject
Project("{9A19103F-16F7-4668-BE54-9A1E7A4F7556}") = "ConsoleApp1", "08Test\ConsoleApp1\ConsoleApp1.csproj", "{91EF6911-CB42-4ED7-A850-92096E7E079A}"
EndProject
Project("{9A19103F-16F7-4668-BE54-9A1E7A4F7556}") = "MicroserviceServer", "03DoMain\MicroserviceServer\MicroserviceServer.csproj", "{BD68EA7C-A594-433D-8B20-A8C79EB04D3A}"
EndProject
Project("{FAE04EC0-301F-11D3-BF4B-00C04F79EFBC}") = "WindowsFormsApp1", "08Test\WindowsFormsApp1\WindowsFormsApp1.csproj", "{3B76EBFC-B927-400D-98DD-0A24857756E5}"
EndProject
Project("{FAE04EC0-301F-11D3-BF4B-00C04F79EFBC}") = "WpfApp1", "08Test\WpfApp1\WpfApp1.csproj", "{076327FD-EAEA-4479-81A3-8109C0C09C97}"
EndProject
Project("{FAE04EC0-301F-11D3-BF4B-00C04F79EFBC}") = "WebApplication1", "08Test\WebApplication1\WebApplication1.csproj", "{5DEB63AC-62A2-4ACC-961D-C5F7B2D13EC6}"
EndProject
Global
	GlobalSection(SolutionConfigurationPlatforms) = preSolution
		Debug|Any CPU = Debug|Any CPU
		Release|Any CPU = Release|Any CPU
	EndGlobalSection
	GlobalSection(ProjectConfigurationPlatforms) = postSolution
		{C878B66A-0341-41AA-8260-DC11A148BB1C}.Debug|Any CPU.ActiveCfg = Debug|Any CPU
		{C878B66A-0341-41AA-8260-DC11A148BB1C}.Debug|Any CPU.Build.0 = Debug|Any CPU
		{C878B66A-0341-41AA-8260-DC11A148BB1C}.Release|Any CPU.ActiveCfg = Release|Any CPU
		{C878B66A-0341-41AA-8260-DC11A148BB1C}.Release|Any CPU.Build.0 = Release|Any CPU
		{D88B0676-1FE8-4D24-8CA9-8F42D91FF2DF}.Debug|Any CPU.ActiveCfg = Debug|Any CPU
		{D88B0676-1FE8-4D24-8CA9-8F42D91FF2DF}.Debug|Any CPU.Build.0 = Debug|Any CPU
		{D88B0676-1FE8-4D24-8CA9-8F42D91FF2DF}.Release|Any CPU.ActiveCfg = Release|Any CPU
		{D88B0676-1FE8-4D24-8CA9-8F42D91FF2DF}.Release|Any CPU.Build.0 = Release|Any CPU
		{B4B4C6C9-2560-4986-BB8B-BB6589C56BDB}.Debug|Any CPU.ActiveCfg = Debug|Any CPU
		{B4B4C6C9-2560-4986-BB8B-BB6589C56BDB}.Debug|Any CPU.Build.0 = Debug|Any CPU
		{B4B4C6C9-2560-4986-BB8B-BB6589C56BDB}.Release|Any CPU.ActiveCfg = Release|Any CPU
		{B4B4C6C9-2560-4986-BB8B-BB6589C56BDB}.Release|Any CPU.Build.0 = Release|Any CPU
		{91EF6911-CB42-4ED7-A850-92096E7E079A}.Debug|Any CPU.ActiveCfg = Debug|Any CPU
		{91EF6911-CB42-4ED7-A850-92096E7E079A}.Debug|Any CPU.Build.0 = Debug|Any CPU
		{91EF6911-CB42-4ED7-A850-92096E7E079A}.Release|Any CPU.ActiveCfg = Release|Any CPU
		{91EF6911-CB42-4ED7-A850-92096E7E079A}.Release|Any CPU.Build.0 = Release|Any CPU
		{BD68EA7C-A594-433D-8B20-A8C79EB04D3A}.Debug|Any CPU.ActiveCfg = Debug|Any CPU
		{BD68EA7C-A594-433D-8B20-A8C79EB04D3A}.Debug|Any CPU.Build.0 = Debug|Any CPU
		{BD68EA7C-A594-433D-8B20-A8C79EB04D3A}.Release|Any CPU.ActiveCfg = Release|Any CPU
		{BD68EA7C-A594-433D-8B20-A8C79EB04D3A}.Release|Any CPU.Build.0 = Release|Any CPU
		{3B76EBFC-B927-400D-98DD-0A24857756E5}.Debug|Any CPU.ActiveCfg = Debug|Any CPU
		{3B76EBFC-B927-400D-98DD-0A24857756E5}.Debug|Any CPU.Build.0 = Debug|Any CPU
		{3B76EBFC-B927-400D-98DD-0A24857756E5}.Release|Any CPU.ActiveCfg = Release|Any CPU
		{3B76EBFC-B927-400D-98DD-0A24857756E5}.Release|Any CPU.Build.0 = Release|Any CPU
		{076327FD-EAEA-4479-81A3-8109C0C09C97}.Debug|Any CPU.ActiveCfg = Debug|Any CPU
		{076327FD-EAEA-4479-81A3-8109C0C09C97}.Debug|Any CPU.Build.0 = Debug|Any CPU
		{076327FD-EAEA-4479-81A3-8109C0C09C97}.Release|Any CPU.ActiveCfg = Release|Any CPU
		{076327FD-EAEA-4479-81A3-8109C0C09C97}.Release|Any CPU.Build.0 = Release|Any CPU
		{5DEB63AC-62A2-4ACC-961D-C5F7B2D13EC6}.Debug|Any CPU.ActiveCfg = Debug|Any CPU
		{5DEB63AC-62A2-4ACC-961D-C5F7B2D13EC6}.Debug|Any CPU.Build.0 = Debug|Any CPU
		{5DEB63AC-62A2-4ACC-961D-C5F7B2D13EC6}.Release|Any CPU.ActiveCfg = Release|Any CPU
		{5DEB63AC-62A2-4ACC-961D-C5F7B2D13EC6}.Release|Any CPU.Build.0 = Release|Any CPU
	EndGlobalSection
	GlobalSection(SolutionProperties) = preSolution
		HideSolutionNode = FALSE
	EndGlobalSection
	GlobalSection(NestedProjects) = preSolution
		{C878B66A-0341-41AA-8260-DC11A148BB1C} = {F190C3FE-3363-43F7-A947-B96C6CA732CF}
		{D88B0676-1FE8-4D24-8CA9-8F42D91FF2DF} = {AB753E20-E71A-42C4-A8A0-DE85059925A9}
		{B4B4C6C9-2560-4986-BB8B-BB6589C56BDB} = {AB753E20-E71A-42C4-A8A0-DE85059925A9}
		{91EF6911-CB42-4ED7-A850-92096E7E079A} = {388288C2-4290-4A6D-AB9F-1B02278971EB}
		{BD68EA7C-A594-433D-8B20-A8C79EB04D3A} = {AB753E20-E71A-42C4-A8A0-DE85059925A9}
		{3B76EBFC-B927-400D-98DD-0A24857756E5} = {388288C2-4290-4A6D-AB9F-1B02278971EB}
		{076327FD-EAEA-4479-81A3-8109C0C09C97} = {388288C2-4290-4A6D-AB9F-1B02278971EB}
		{5DEB63AC-62A2-4ACC-961D-C5F7B2D13EC6} = {388288C2-4290-4A6D-AB9F-1B02278971EB}
	EndGlobalSection
	GlobalSection(ExtensibilityGlobals) = postSolution
		SolutionGuid = {36A34B45-C077-4819-943D-3DE4B5D6F8A7}
	EndGlobalSection
EndGlobal
